
Microsoft Visual Studio Solution File, Format Version 12.00
# Visual Studio Version 17
VisualStudioVersion = 17.10.34928.147
MinimumVisualStudioVersion = 10.0.40219.1
Project("{FAE04EC0-301F-11D3-BF4B-00C04F79EFBC}") = "UniversityManagement", "UniversityManagement\UniversityManagement.csproj", "{89633B8B-9CB8-456C-BABB-90050A2AE1FF}"
EndProject
Global
	GlobalSection(SolutionConfigurationPlatforms) = preSolution
		Debug|Any CPU = Debug|Any CPU
		Release|Any CPU = Release|Any CPU
	EndGlobalSection
	GlobalSection(ProjectConfigurationPlatforms) = postSolution
		{89633B8B-9CB8-456C-BABB-90050A2AE1FF}.Debug|Any CPU.ActiveCfg = Debug|Any CPU
		{89633B8B-9CB8-456C-BABB-90050A2AE1FF}.Debug|Any CPU.Build.0 = Debug|Any CPU
		{89633B8B-9CB8-456C-BABB-90050A2AE1FF}.Release|Any CPU.ActiveCfg = Release|Any CPU
		{89633B8B-9CB8-456C-BABB-90050A2AE1FF}.Release|Any CPU.Build.0 = Release|Any CPU
	EndGlobalSection
	GlobalSection(SolutionProperties) = preSolution
		HideSolutionNode = FALSE
	EndGlobalSection
	GlobalSection(ExtensibilityGlobals) = postSolution
		SolutionGuid = {E99899CD-B00A-4704-AFA5-0870866D4455}
	EndGlobalSection
EndGlobal
